
Microsoft Visual Studio Solution File, Format Version 12.00
# Visual Studio Version 16
VisualStudioVersion = 16.0.31205.134
MinimumVisualStudioVersion = 10.0.40219.1
Project("{FAE04EC0-301F-11D3-BF4B-00C04F79EFBC}") = "Game_Life", "Game_Life.csproj", "{8177B830-7350-4676-BCDA-2629775CFC51}"
EndProject
Global
	GlobalSection(SolutionConfigurationPlatforms) = preSolution
		Debug|Any CPU = Debug|Any CPU
		Release|Any CPU = Release|Any CPU
	EndGlobalSection
	GlobalSection(ProjectConfigurationPlatforms) = postSolution
		{8177B830-7350-4676-BCDA-2629775CFC51}.Debug|Any CPU.ActiveCfg = Debug|Any CPU
		{8177B830-7350-4676-BCDA-2629775CFC51}.Debug|Any CPU.Build.0 = Debug|Any CPU
		{8177B830-7350-4676-BCDA-2629775CFC51}.Release|Any CPU.ActiveCfg = Release|Any CPU
		{8177B830-7350-4676-BCDA-2629775CFC51}.Release|Any CPU.Build.0 = Release|Any CPU
	EndGlobalSection
	GlobalSection(SolutionProperties) = preSolution
		HideSolutionNode = FALSE
	EndGlobalSection
	GlobalSection(ExtensibilityGlobals) = postSolution
		SolutionGuid = {D3156AA7-C725-4577-B52D-475FE2016343}
	EndGlobalSection
EndGlobal
